
Microsoft Visual Studio Solution File, Format Version 12.00
# Visual Studio Version 16
VisualStudioVersion = 16.0.30225.117
MinimumVisualStudioVersion = 10.0.40219.1
Project("{2150E333-8FDC-42A3-9474-1A3956D46DE8}") = "ApiGateways", "ApiGateways", "{039A3C3A-CA85-4E62-8385-06F839101C31}"
EndProject
Project("{2150E333-8FDC-42A3-9474-1A3956D46DE8}") = "Common", "Common", "{36AB8990-E8CA-4658-82AB-B3BF387BF9AC}"
EndProject
Project("{2150E333-8FDC-42A3-9474-1A3956D46DE8}") = "EventBus", "EventBus", "{ACC595B7-13C4-434C-9880-DCC0B7E9E77E}"
EndProject
Project("{2150E333-8FDC-42A3-9474-1A3956D46DE8}") = "MicroServices", "MicroServices", "{873CBEC9-BD91-4776-9B83-3A6B60EAF49C}"
EndProject
Project("{2150E333-8FDC-42A3-9474-1A3956D46DE8}") = "Web", "Web", "{B596A921-4F54-442A-A4E8-A81702726820}"
EndProject
Project("{2150E333-8FDC-42A3-9474-1A3956D46DE8}") = "Book", "Book", "{C188B1EC-538B-457C-B5C7-38E3678F2EA4}"
EndProject
Project("{2150E333-8FDC-42A3-9474-1A3956D46DE8}") = "Identity", "Identity", "{F00120C6-C5F6-499D-8015-9BCD40F8B3DD}"
EndProject
Project("{2150E333-8FDC-42A3-9474-1A3956D46DE8}") = "Library", "Library", "{57F64093-5079-444E-8C6C-C8E86FFE51D8}"
EndProject
Project("{2150E333-8FDC-42A3-9474-1A3956D46DE8}") = "MasterData", "MasterData", "{ABF9CD54-6CDA-40C4-AA57-5CDF59B13325}"
EndProject
Project("{FAE04EC0-301F-11D3-BF4B-00C04F79EFBC}") = "BookReader.Common", "src\Common\BookReader.Common\BookReader.Common.csproj", "{3B1ED1A8-C98E-4894-9EF7-FBC20AFE3D5A}"
EndProject
Project("{FAE04EC0-301F-11D3-BF4B-00C04F79EFBC}") = "BookReader.PublicGateway", "src\ApiGateways\BookReader.PublicGateway\BookReader.PublicGateway.csproj", "{0EE63529-DEF5-4A1F-8410-24D97CDF5083}"
EndProject
Project("{FAE04EC0-301F-11D3-BF4B-00C04F79EFBC}") = "BookReader.InternalGateway", "src\ApiGateways\BookReader.InternalGateway\BookReader.InternalGateway.csproj", "{1A38B228-743B-48F2-A0EA-CA6B1C2DA93F}"
EndProject
Project("{FAE04EC0-301F-11D3-BF4B-00C04F79EFBC}") = "BookReader.RabbitMQ", "src\EventBus\BookReader.RabbitMQ\BookReader.RabbitMQ.csproj", "{A5A8C760-5583-4408-8D86-D667B3C737F1}"
EndProject
Project("{FAE04EC0-301F-11D3-BF4B-00C04F79EFBC}") = "BookReader.ServiceBus", "src\EventBus\BookReader.ServiceBus\BookReader.ServiceBus.csproj", "{ABE69267-DA47-45D7-8996-FF421AD8B465}"
EndProject
Project("{FAE04EC0-301F-11D3-BF4B-00C04F79EFBC}") = "BookReader.GenericEFRepository", "src\Common\BookReader.GenericEFRepository\BookReader.GenericEFRepository.csproj", "{174AFC39-4D22-4199-BAC5-26A0EB2E59A4}"
EndProject
Project("{FAE04EC0-301F-11D3-BF4B-00C04F79EFBC}") = "BookReader.GenericDapperRepository", "src\Common\BookReader.GenericDapperRepository\BookReader.GenericDapperRepository.csproj", "{C14DCA6D-7451-4182-B0F5-746E7475F11E}"
EndProject
Project("{FAE04EC0-301F-11D3-BF4B-00C04F79EFBC}") = "BookReader.BookService.API", "src\MicroServices\Book\BookReader.BookService.API\BookReader.BookService.API.csproj", "{400B8FBB-D838-4AC2-A3A9-B64EDE8F3722}"
EndProject
Project("{FAE04EC0-301F-11D3-BF4B-00C04F79EFBC}") = "BookReader.BookService.Infrastructure", "src\MicroServices\Book\BookReader.BookService.Infrastructure\BookReader.BookService.Infrastructure.csproj", "{B4E0FE01-DE5E-4662-8554-7E99F8148077}"
EndProject
Project("{FAE04EC0-301F-11D3-BF4B-00C04F79EFBC}") = "BookReader.BookService.Domain", "src\MicroServices\Book\BookReader.BookService.Domain\BookReader.BookService.Domain.csproj", "{59DC6802-96F1-4292-93FD-FB66D8607646}"
EndProject
Project("{FAE04EC0-301F-11D3-BF4B-00C04F79EFBC}") = "BookReader.BookService.Queries", "src\MicroServices\Book\BookReader.BookService.Queries\BookReader.BookService.Queries.csproj", "{1460FCD4-9B43-4388-8BDA-E822D0F05561}"
EndProject
Project("{FAE04EC0-301F-11D3-BF4B-00C04F79EFBC}") = "BookReader.IdentityService.API", "src\MicroServices\Identity\BookReader.IdentityService.API\BookReader.IdentityService.API.csproj", "{5B0094C2-54E9-4FDA-8DFC-1B0AE2B82C59}"
EndProject
Project("{FAE04EC0-301F-11D3-BF4B-00C04F79EFBC}") = "BookReader.IdentityService.Domain", "src\MicroServices\Identity\BookReader.IdentityService.Domain\BookReader.IdentityService.Domain.csproj", "{0FF1E795-0312-45EC-8E0C-484922A1D0FF}"
EndProject
Project("{FAE04EC0-301F-11D3-BF4B-00C04F79EFBC}") = "BookReader.IdentityService.Queries", "src\MicroServices\Identity\BookReader.IdentityService.Queries\BookReader.IdentityService.Queries.csproj", "{15503835-B68E-476C-B701-776F7E7E3FF6}"
EndProject
Project("{FAE04EC0-301F-11D3-BF4B-00C04F79EFBC}") = "BookReader.IdentityService.Infrastructure", "src\MicroServices\Identity\BookReader.IdentityService.Infrastructure\BookReader.IdentityService.Infrastructure.csproj", "{18A78E7D-2D8D-46D0-A61D-0FC5F0E3AFFC}"
EndProject
Project("{FAE04EC0-301F-11D3-BF4B-00C04F79EFBC}") = "BookReader.LibraryService.API", "src\MicroServices\Library\BookReader.LibraryService.API\BookReader.LibraryService.API.csproj", "{45B82901-9906-4604-9E72-FD87355F6624}"
EndProject
Project("{FAE04EC0-301F-11D3-BF4B-00C04F79EFBC}") = "BookReader.LibraryService.Domain", "src\MicroServices\Library\BookReader.LibraryService.Domain\BookReader.LibraryService.Domain.csproj", "{53055667-0106-48A8-9D2D-3218E20A40D8}"
EndProject
Project("{FAE04EC0-301F-11D3-BF4B-00C04F79EFBC}") = "BookReader.LibraryService.Queries", "src\MicroServices\Library\BookReader.LibraryService.Queries\BookReader.LibraryService.Queries.csproj", "{38E7D15C-4396-4006-8ED3-75DF09EA4BC3}"
EndProject
Project("{FAE04EC0-301F-11D3-BF4B-00C04F79EFBC}") = "BookReader.LibraryService.Infrastructure", "src\MicroServices\Library\BookReader.LibraryService.Infrastructure\BookReader.LibraryService.Infrastructure.csproj", "{93649332-D140-4982-85C3-F8B8F6A53B8F}"
EndProject
Project("{FAE04EC0-301F-11D3-BF4B-00C04F79EFBC}") = "BookReader.MasterDataService.API", "src\MicroServices\MasterData\BookReader.MasterDataService.API\BookReader.MasterDataService.API.csproj", "{FEB56D05-76BB-4232-BDD5-F2942E25E79E}"
EndProject
Project("{FAE04EC0-301F-11D3-BF4B-00C04F79EFBC}") = "BookReader.MasterDataService.Domain", "src\MicroServices\MasterData\BookReader.MasterDataService.Domain\BookReader.MasterDataService.Domain.csproj", "{2778D378-EAAB-4484-AE08-3206FB7C7864}"
EndProject
Project("{FAE04EC0-301F-11D3-BF4B-00C04F79EFBC}") = "BookReader.MasterDataService.Queries", "src\MicroServices\MasterData\BookReader.MasterDataService.Queries\BookReader.MasterDataService.Queries.csproj", "{D1359103-8217-4E73-B1FC-3E9A85064D46}"
EndProject
Project("{FAE04EC0-301F-11D3-BF4B-00C04F79EFBC}") = "BookReader.MasterDataService.Infrastructure", "src\MicroServices\MasterData\BookReader.MasterDataService.Infrastructure\BookReader.MasterDataService.Infrastructure.csproj", "{227DA5C9-FEBF-489A-8B33-606264858AB3}"
EndProject
Global
	GlobalSection(SolutionConfigurationPlatforms) = preSolution
		Debug|Any CPU = Debug|Any CPU
		Release|Any CPU = Release|Any CPU
	EndGlobalSection
	GlobalSection(ProjectConfigurationPlatforms) = postSolution
		{3B1ED1A8-C98E-4894-9EF7-FBC20AFE3D5A}.Debug|Any CPU.ActiveCfg = Debug|Any CPU
		{3B1ED1A8-C98E-4894-9EF7-FBC20AFE3D5A}.Debug|Any CPU.Build.0 = Debug|Any CPU
		{3B1ED1A8-C98E-4894-9EF7-FBC20AFE3D5A}.Release|Any CPU.ActiveCfg = Release|Any CPU
		{3B1ED1A8-C98E-4894-9EF7-FBC20AFE3D5A}.Release|Any CPU.Build.0 = Release|Any CPU
		{0EE63529-DEF5-4A1F-8410-24D97CDF5083}.Debug|Any CPU.ActiveCfg = Debug|Any CPU
		{0EE63529-DEF5-4A1F-8410-24D97CDF5083}.Debug|Any CPU.Build.0 = Debug|Any CPU
		{0EE63529-DEF5-4A1F-8410-24D97CDF5083}.Release|Any CPU.ActiveCfg = Release|Any CPU
		{0EE63529-DEF5-4A1F-8410-24D97CDF5083}.Release|Any CPU.Build.0 = Release|Any CPU
		{1A38B228-743B-48F2-A0EA-CA6B1C2DA93F}.Debug|Any CPU.ActiveCfg = Debug|Any CPU
		{1A38B228-743B-48F2-A0EA-CA6B1C2DA93F}.Debug|Any CPU.Build.0 = Debug|Any CPU
		{1A38B228-743B-48F2-A0EA-CA6B1C2DA93F}.Release|Any CPU.ActiveCfg = Release|Any CPU
		{1A38B228-743B-48F2-A0EA-CA6B1C2DA93F}.Release|Any CPU.Build.0 = Release|Any CPU
		{A5A8C760-5583-4408-8D86-D667B3C737F1}.Debug|Any CPU.ActiveCfg = Debug|Any CPU
		{A5A8C760-5583-4408-8D86-D667B3C737F1}.Debug|Any CPU.Build.0 = Debug|Any CPU
		{A5A8C760-5583-4408-8D86-D667B3C737F1}.Release|Any CPU.ActiveCfg = Release|Any CPU
		{A5A8C760-5583-4408-8D86-D667B3C737F1}.Release|Any CPU.Build.0 = Release|Any CPU
		{ABE69267-DA47-45D7-8996-FF421AD8B465}.Debug|Any CPU.ActiveCfg = Debug|Any CPU
		{ABE69267-DA47-45D7-8996-FF421AD8B465}.Debug|Any CPU.Build.0 = Debug|Any CPU
		{ABE69267-DA47-45D7-8996-FF421AD8B465}.Release|Any CPU.ActiveCfg = Release|Any CPU
		{ABE69267-DA47-45D7-8996-FF421AD8B465}.Release|Any CPU.Build.0 = Release|Any CPU
		{174AFC39-4D22-4199-BAC5-26A0EB2E59A4}.Debug|Any CPU.ActiveCfg = Debug|Any CPU
		{174AFC39-4D22-4199-BAC5-26A0EB2E59A4}.Debug|Any CPU.Build.0 = Debug|Any CPU
		{174AFC39-4D22-4199-BAC5-26A0EB2E59A4}.Release|Any CPU.ActiveCfg = Release|Any CPU
		{174AFC39-4D22-4199-BAC5-26A0EB2E59A4}.Release|Any CPU.Build.0 = Release|Any CPU
		{C14DCA6D-7451-4182-B0F5-746E7475F11E}.Debug|Any CPU.ActiveCfg = Debug|Any CPU
		{C14DCA6D-7451-4182-B0F5-746E7475F11E}.Debug|Any CPU.Build.0 = Debug|Any CPU
		{C14DCA6D-7451-4182-B0F5-746E7475F11E}.Release|Any CPU.ActiveCfg = Release|Any CPU
		{C14DCA6D-7451-4182-B0F5-746E7475F11E}.Release|Any CPU.Build.0 = Release|Any CPU
		{400B8FBB-D838-4AC2-A3A9-B64EDE8F3722}.Debug|Any CPU.ActiveCfg = Debug|Any CPU
		{400B8FBB-D838-4AC2-A3A9-B64EDE8F3722}.Debug|Any CPU.Build.0 = Debug|Any CPU
		{400B8FBB-D838-4AC2-A3A9-B64EDE8F3722}.Release|Any CPU.ActiveCfg = Release|Any CPU
		{400B8FBB-D838-4AC2-A3A9-B64EDE8F3722}.Release|Any CPU.Build.0 = Release|Any CPU
		{B4E0FE01-DE5E-4662-8554-7E99F8148077}.Debug|Any CPU.ActiveCfg = Debug|Any CPU
		{B4E0FE01-DE5E-4662-8554-7E99F8148077}.Debug|Any CPU.Build.0 = Debug|Any CPU
		{B4E0FE01-DE5E-4662-8554-7E99F8148077}.Release|Any CPU.ActiveCfg = Release|Any CPU
		{B4E0FE01-DE5E-4662-8554-7E99F8148077}.Release|Any CPU.Build.0 = Release|Any CPU
		{59DC6802-96F1-4292-93FD-FB66D8607646}.Debug|Any CPU.ActiveCfg = Debug|Any CPU
		{59DC6802-96F1-4292-93FD-FB66D8607646}.Debug|Any CPU.Build.0 = Debug|Any CPU
		{59DC6802-96F1-4292-93FD-FB66D8607646}.Release|Any CPU.ActiveCfg = Release|Any CPU
		{59DC6802-96F1-4292-93FD-FB66D8607646}.Release|Any CPU.Build.0 = Release|Any CPU
		{1460FCD4-9B43-4388-8BDA-E822D0F05561}.Debug|Any CPU.ActiveCfg = Debug|Any CPU
		{1460FCD4-9B43-4388-8BDA-E822D0F05561}.Debug|Any CPU.Build.0 = Debug|Any CPU
		{1460FCD4-9B43-4388-8BDA-E822D0F05561}.Release|Any CPU.ActiveCfg = Release|Any CPU
		{1460FCD4-9B43-4388-8BDA-E822D0F05561}.Release|Any CPU.Build.0 = Release|Any CPU
		{5B0094C2-54E9-4FDA-8DFC-1B0AE2B82C59}.Debug|Any CPU.ActiveCfg = Debug|Any CPU
		{5B0094C2-54E9-4FDA-8DFC-1B0AE2B82C59}.Debug|Any CPU.Build.0 = Debug|Any CPU
		{5B0094C2-54E9-4FDA-8DFC-1B0AE2B82C59}.Release|Any CPU.ActiveCfg = Release|Any CPU
		{5B0094C2-54E9-4FDA-8DFC-1B0AE2B82C59}.Release|Any CPU.Build.0 = Release|Any CPU
		{0FF1E795-0312-45EC-8E0C-484922A1D0FF}.Debug|Any CPU.ActiveCfg = Debug|Any CPU
		{0FF1E795-0312-45EC-8E0C-484922A1D0FF}.Debug|Any CPU.Build.0 = Debug|Any CPU
		{0FF1E795-0312-45EC-8E0C-484922A1D0FF}.Release|Any CPU.ActiveCfg = Release|Any CPU
		{0FF1E795-0312-45EC-8E0C-484922A1D0FF}.Release|Any CPU.Build.0 = Release|Any CPU
		{15503835-B68E-476C-B701-776F7E7E3FF6}.Debug|Any CPU.ActiveCfg = Debug|Any CPU
		{15503835-B68E-476C-B701-776F7E7E3FF6}.Debug|Any CPU.Build.0 = Debug|Any CPU
		{15503835-B68E-476C-B701-776F7E7E3FF6}.Release|Any CPU.ActiveCfg = Release|Any CPU
		{15503835-B68E-476C-B701-776F7E7E3FF6}.Release|Any CPU.Build.0 = Release|Any CPU
		{18A78E7D-2D8D-46D0-A61D-0FC5F0E3AFFC}.Debug|Any CPU.ActiveCfg = Debug|Any CPU
		{18A78E7D-2D8D-46D0-A61D-0FC5F0E3AFFC}.Debug|Any CPU.Build.0 = Debug|Any CPU
		{18A78E7D-2D8D-46D0-A61D-0FC5F0E3AFFC}.Release|Any CPU.ActiveCfg = Release|Any CPU
		{18A78E7D-2D8D-46D0-A61D-0FC5F0E3AFFC}.Release|Any CPU.Build.0 = Release|Any CPU
		{45B82901-9906-4604-9E72-FD87355F6624}.Debug|Any CPU.ActiveCfg = Debug|Any CPU
		{45B82901-9906-4604-9E72-FD87355F6624}.Debug|Any CPU.Build.0 = Debug|Any CPU
		{45B82901-9906-4604-9E72-FD87355F6624}.Release|Any CPU.ActiveCfg = Release|Any CPU
		{45B82901-9906-4604-9E72-FD87355F6624}.Release|Any CPU.Build.0 = Release|Any CPU
		{53055667-0106-48A8-9D2D-3218E20A40D8}.Debug|Any CPU.ActiveCfg = Debug|Any CPU
		{53055667-0106-48A8-9D2D-3218E20A40D8}.Debug|Any CPU.Build.0 = Debug|Any CPU
		{53055667-0106-48A8-9D2D-3218E20A40D8}.Release|Any CPU.ActiveCfg = Release|Any CPU
		{53055667-0106-48A8-9D2D-3218E20A40D8}.Release|Any CPU.Build.0 = Release|Any CPU
		{38E7D15C-4396-4006-8ED3-75DF09EA4BC3}.Debug|Any CPU.ActiveCfg = Debug|Any CPU
		{38E7D15C-4396-4006-8ED3-75DF09EA4BC3}.Debug|Any CPU.Build.0 = Debug|Any CPU
		{38E7D15C-4396-4006-8ED3-75DF09EA4BC3}.Release|Any CPU.ActiveCfg = Release|Any CPU
		{38E7D15C-4396-4006-8ED3-75DF09EA4BC3}.Release|Any CPU.Build.0 = Release|Any CPU
		{93649332-D140-4982-85C3-F8B8F6A53B8F}.Debug|Any CPU.ActiveCfg = Debug|Any CPU
		{93649332-D140-4982-85C3-F8B8F6A53B8F}.Debug|Any CPU.Build.0 = Debug|Any CPU
		{93649332-D140-4982-85C3-F8B8F6A53B8F}.Release|Any CPU.ActiveCfg = Release|Any CPU
		{93649332-D140-4982-85C3-F8B8F6A53B8F}.Release|Any CPU.Build.0 = Release|Any CPU
		{FEB56D05-76BB-4232-BDD5-F2942E25E79E}.Debug|Any CPU.ActiveCfg = Debug|Any CPU
		{FEB56D05-76BB-4232-BDD5-F2942E25E79E}.Debug|Any CPU.Build.0 = Debug|Any CPU
		{FEB56D05-76BB-4232-BDD5-F2942E25E79E}.Release|Any CPU.ActiveCfg = Release|Any CPU
		{FEB56D05-76BB-4232-BDD5-F2942E25E79E}.Release|Any CPU.Build.0 = Release|Any CPU
		{2778D378-EAAB-4484-AE08-3206FB7C7864}.Debug|Any CPU.ActiveCfg = Debug|Any CPU
		{2778D378-EAAB-4484-AE08-3206FB7C7864}.Debug|Any CPU.Build.0 = Debug|Any CPU
		{2778D378-EAAB-4484-AE08-3206FB7C7864}.Release|Any CPU.ActiveCfg = Release|Any CPU
		{2778D378-EAAB-4484-AE08-3206FB7C7864}.Release|Any CPU.Build.0 = Release|Any CPU
		{D1359103-8217-4E73-B1FC-3E9A85064D46}.Debug|Any CPU.ActiveCfg = Debug|Any CPU
		{D1359103-8217-4E73-B1FC-3E9A85064D46}.Debug|Any CPU.Build.0 = Debug|Any CPU
		{D1359103-8217-4E73-B1FC-3E9A85064D46}.Release|Any CPU.ActiveCfg = Release|Any CPU
		{D1359103-8217-4E73-B1FC-3E9A85064D46}.Release|Any CPU.Build.0 = Release|Any CPU
		{227DA5C9-FEBF-489A-8B33-606264858AB3}.Debug|Any CPU.ActiveCfg = Debug|Any CPU
		{227DA5C9-FEBF-489A-8B33-606264858AB3}.Debug|Any CPU.Build.0 = Debug|Any CPU
		{227DA5C9-FEBF-489A-8B33-606264858AB3}.Release|Any CPU.ActiveCfg = Release|Any CPU
		{227DA5C9-FEBF-489A-8B33-606264858AB3}.Release|Any CPU.Build.0 = Release|Any CPU
	EndGlobalSection
	GlobalSection(SolutionProperties) = preSolution
		HideSolutionNode = FALSE
	EndGlobalSection
	GlobalSection(NestedProjects) = preSolution
		{C188B1EC-538B-457C-B5C7-38E3678F2EA4} = {873CBEC9-BD91-4776-9B83-3A6B60EAF49C}
		{F00120C6-C5F6-499D-8015-9BCD40F8B3DD} = {873CBEC9-BD91-4776-9B83-3A6B60EAF49C}
		{57F64093-5079-444E-8C6C-C8E86FFE51D8} = {873CBEC9-BD91-4776-9B83-3A6B60EAF49C}
		{ABF9CD54-6CDA-40C4-AA57-5CDF59B13325} = {873CBEC9-BD91-4776-9B83-3A6B60EAF49C}
		{3B1ED1A8-C98E-4894-9EF7-FBC20AFE3D5A} = {36AB8990-E8CA-4658-82AB-B3BF387BF9AC}
		{0EE63529-DEF5-4A1F-8410-24D97CDF5083} = {039A3C3A-CA85-4E62-8385-06F839101C31}
		{1A38B228-743B-48F2-A0EA-CA6B1C2DA93F} = {039A3C3A-CA85-4E62-8385-06F839101C31}
		{A5A8C760-5583-4408-8D86-D667B3C737F1} = {ACC595B7-13C4-434C-9880-DCC0B7E9E77E}
		{ABE69267-DA47-45D7-8996-FF421AD8B465} = {ACC595B7-13C4-434C-9880-DCC0B7E9E77E}
		{174AFC39-4D22-4199-BAC5-26A0EB2E59A4} = {36AB8990-E8CA-4658-82AB-B3BF387BF9AC}
		{C14DCA6D-7451-4182-B0F5-746E7475F11E} = {36AB8990-E8CA-4658-82AB-B3BF387BF9AC}
		{400B8FBB-D838-4AC2-A3A9-B64EDE8F3722} = {C188B1EC-538B-457C-B5C7-38E3678F2EA4}
		{B4E0FE01-DE5E-4662-8554-7E99F8148077} = {C188B1EC-538B-457C-B5C7-38E3678F2EA4}
		{59DC6802-96F1-4292-93FD-FB66D8607646} = {C188B1EC-538B-457C-B5C7-38E3678F2EA4}
		{1460FCD4-9B43-4388-8BDA-E822D0F05561} = {C188B1EC-538B-457C-B5C7-38E3678F2EA4}
		{5B0094C2-54E9-4FDA-8DFC-1B0AE2B82C59} = {F00120C6-C5F6-499D-8015-9BCD40F8B3DD}
		{0FF1E795-0312-45EC-8E0C-484922A1D0FF} = {F00120C6-C5F6-499D-8015-9BCD40F8B3DD}
		{15503835-B68E-476C-B701-776F7E7E3FF6} = {F00120C6-C5F6-499D-8015-9BCD40F8B3DD}
		{18A78E7D-2D8D-46D0-A61D-0FC5F0E3AFFC} = {F00120C6-C5F6-499D-8015-9BCD40F8B3DD}
		{45B82901-9906-4604-9E72-FD87355F6624} = {57F64093-5079-444E-8C6C-C8E86FFE51D8}
		{53055667-0106-48A8-9D2D-3218E20A40D8} = {57F64093-5079-444E-8C6C-C8E86FFE51D8}
		{38E7D15C-4396-4006-8ED3-75DF09EA4BC3} = {57F64093-5079-444E-8C6C-C8E86FFE51D8}
		{93649332-D140-4982-85C3-F8B8F6A53B8F} = {57F64093-5079-444E-8C6C-C8E86FFE51D8}
		{FEB56D05-76BB-4232-BDD5-F2942E25E79E} = {ABF9CD54-6CDA-40C4-AA57-5CDF59B13325}
		{2778D378-EAAB-4484-AE08-3206FB7C7864} = {ABF9CD54-6CDA-40C4-AA57-5CDF59B13325}
		{D1359103-8217-4E73-B1FC-3E9A85064D46} = {ABF9CD54-6CDA-40C4-AA57-5CDF59B13325}
		{227DA5C9-FEBF-489A-8B33-606264858AB3} = {ABF9CD54-6CDA-40C4-AA57-5CDF59B13325}
	EndGlobalSection
	GlobalSection(ExtensibilityGlobals) = postSolution
		SolutionGuid = {10783478-8132-4A47-9025-5637E04EAC68}
	EndGlobalSection
EndGlobal
